{
  "requires": true,
  "lockfileVersion": 1,
  "dependencies": {
    "react-native-image-picker": {
      "version": "0.28.1",
      "resolved": "https://registry.npmjs.org/react-native-image-picker/-/react-native-image-picker-0.28.1.tgz",
      "integrity": "sha512-CW2dm+cjsdW2fjBW2WD/cSufNG0x0UpljwGHrjSzyB0TckoW+tjYv44UWtckCWxr1JtCg+QrYDO/MzlRyFcjwQ=="
    }
  }
}
